
Microsoft Visual Studio Solution File, Format Version 12.00
Project("{FAE04EC0-301F-11D3-BF4B-00C04F79EFBC}") = "WarehouseService", "WarehouseService.csproj", "{87FE1CC2-D38E-4D11-8C6D-B804189ACE87}"
EndProject
Global
	GlobalSection(SolutionConfigurationPlatforms) = preSolution
		Debug|Any CPU = Debug|Any CPU
		Release|Any CPU = Release|Any CPU
	EndGlobalSection
	GlobalSection(ProjectConfigurationPlatforms) = postSolution
		{87FE1CC2-D38E-4D11-8C6D-B804189ACE87}.Debug|Any CPU.ActiveCfg = Debug|Any CPU
		{87FE1CC2-D38E-4D11-8C6D-B804189ACE87}.Debug|Any CPU.Build.0 = Debug|Any CPU
		{87FE1CC2-D38E-4D11-8C6D-B804189ACE87}.Release|Any CPU.ActiveCfg = Release|Any CPU
		{87FE1CC2-D38E-4D11-8C6D-B804189ACE87}.Release|Any CPU.Build.0 = Release|Any CPU
	EndGlobalSection
EndGlobal
